
Microsoft Visual Studio Solution File, Format Version 12.00
# Visual Studio Version 17
VisualStudioVersion = 17.6.33815.320
MinimumVisualStudioVersion = 10.0.40219.1
Project("{FAE04EC0-301F-11D3-BF4B-00C04F79EFBC}") = "APIDemo", "APIDemo.csproj", "{1304767F-AF1A-4C16-8EB1-4FC9C9998243}"
EndProject
Global
	GlobalSection(SolutionConfigurationPlatforms) = preSolution
		Debug|Any CPU = Debug|Any CPU
		Release|Any CPU = Release|Any CPU
	EndGlobalSection
	GlobalSection(ProjectConfigurationPlatforms) = postSolution
		{1304767F-AF1A-4C16-8EB1-4FC9C9998243}.Debug|Any CPU.ActiveCfg = Debug|Any CPU
		{1304767F-AF1A-4C16-8EB1-4FC9C9998243}.Debug|Any CPU.Build.0 = Debug|Any CPU
		{1304767F-AF1A-4C16-8EB1-4FC9C9998243}.Release|Any CPU.ActiveCfg = Release|Any CPU
		{1304767F-AF1A-4C16-8EB1-4FC9C9998243}.Release|Any CPU.Build.0 = Release|Any CPU
	EndGlobalSection
	GlobalSection(SolutionProperties) = preSolution
		HideSolutionNode = FALSE
	EndGlobalSection
	GlobalSection(ExtensibilityGlobals) = postSolution
		SolutionGuid = {847A152B-8C1D-4CAD-B5EF-D21D3B0C5C24}
	EndGlobalSection
EndGlobal
